// !$*UTF8*$!
{
	archiveVersion = 1;
	classes = {
	};
	objectVersion = 50;
	objects = {

/* Begin PBXBuildFile section */
		59434F942423B1BE00FCE7DD /* OpenGL.framework in Frameworks */ = {isa = PBXBuildFile; fileRef = 59A7C9E72422E09D00D45B94 /* OpenGL.framework */; };
		59A7C9E02422DDE400D45B94 /* main.c in Sources */ = {isa = PBXBuildFile; fileRef = 59A7C9DF2422DDE400D45B94 /* main.c */; };
		59A7C9EB2422E16800D45B94 /* libGLEW.2.1.0.dylib in Frameworks */ = {isa = PBXBuildFile; fileRef = 59A7C9EA2422E16800D45B94 /* libGLEW.2.1.0.dylib */; };
		59A7C9EC2422E16800D45B94 /* libGLEW.2.1.0.dylib in Embed Libraries */ = {isa = PBXBuildFile; fileRef = 59A7C9EA2422E16800D45B94 /* libGLEW.2.1.0.dylib */; settings = {ATTRIBUTES = (CodeSignOnCopy, ); }; };
		59A7C9EF2422E18D00D45B94 /* libglfw.3.3.dylib in Frameworks */ = {isa = PBXBuildFile; fileRef = 59A7C9EE2422E18D00D45B94 /* libglfw.3.3.dylib */; };
		59A7C9F02422E18D00D45B94 /* libglfw.3.3.dylib in Embed Libraries */ = {isa = PBXBuildFile; fileRef = 59A7C9EE2422E18D00D45B94 /* libglfw.3.3.dylib */; settings = {ATTRIBUTES = (CodeSignOnCopy, ); }; };
/* End PBXBuildFile section */

/* Begin PBXCopyFilesBuildPhase section */
		59A7C9DA2422DDE400D45B94 /* CopyFiles */ = {
			isa = PBXCopyFilesBuildPhase;
			buildActionMask = 2147483647;
			dstPath = /usr/share/man/man1/;
			dstSubfolderSpec = 0;
			files = (
			);
			runOnlyForDeploymentPostprocessing = 1;
		};
		59A7C9ED2422E16800D45B94 /* Embed Libraries */ = {
			isa = PBXCopyFilesBuildPhase;
			buildActionMask = 2147483647;
			dstPath = "";
			dstSubfolderSpec = 10;
			files = (
				59A7C9F02422E18D00D45B94 /* libglfw.3.3.dylib in Embed Libraries */,
				59A7C9EC2422E16800D45B94 /* libGLEW.2.1.0.dylib in Embed Libraries */,
			);
			name = "Embed Libraries";
			runOnlyForDeploymentPostprocessing = 0;
		};
/* End PBXCopyFilesBuildPhase section */

/* Begin PBXFileReference section */
		59434F902423B17000FCE7DD /* GLUT.framework */ = {isa = PBXFileReference; lastKnownFileType = wrapper.framework; name = GLUT.framework; path = System/Library/Frameworks/GLUT.framework; sourceTree = SDKROOT; };
		59A7C9DC2422DDE400D45B94 /* project1 */ = {isa = PBXFileReference; explicitFileType = "compiled.mach-o.executable"; includeInIndex = 0; path = project1; sourceTree = BUILT_PRODUCTS_DIR; };
		59A7C9DF2422DDE400D45B94 /* main.c */ = {isa = PBXFileReference; lastKnownFileType = sourcecode.c.c; path = main.c; sourceTree = "<group>"; };
		59A7C9E72422E09D00D45B94 /* OpenGL.framework */ = {isa = PBXFileReference; lastKnownFileType = wrapper.framework; name = OpenGL.framework; path = System/Library/Frameworks/OpenGL.framework; sourceTree = SDKROOT; };
		59A7C9E92422E12B00D45B94 /* lib */ = {isa = PBXFileReference; lastKnownFileType = folder; name = lib; path = ../../../../../usr/local/Cellar/glew/2.1.0_1/lib; sourceTree = "<group>"; };
		59A7C9EA2422E16800D45B94 /* libGLEW.2.1.0.dylib */ = {isa = PBXFileReference; lastKnownFileType = "compiled.mach-o.dylib"; name = libGLEW.2.1.0.dylib; path = ../../../../../usr/local/Cellar/glew/2.1.0_1/lib/libGLEW.2.1.0.dylib; sourceTree = "<group>"; };
		59A7C9EE2422E18D00D45B94 /* libglfw.3.3.dylib */ = {isa = PBXFileReference; lastKnownFileType = "compiled.mach-o.dylib"; name = libglfw.3.3.dylib; path = ../../../../../usr/local/Cellar/glfw/3.3.2/lib/libglfw.3.3.dylib; sourceTree = "<group>"; };
/* End PBXFileReference section */

/* Begin PBXFrameworksBuildPhase section */
		59A7C9D92422DDE400D45B94 /* Frameworks */ = {
			isa = PBXFrameworksBuildPhase;
			buildActionMask = 2147483647;
			files = (
				59A7C9EF2422E18D00D45B94 /* libglfw.3.3.dylib in Frameworks */,
				59434F942423B1BE00FCE7DD /* OpenGL.framework in Frameworks */,
				59A7C9EB2422E16800D45B94 /* libGLEW.2.1.0.dylib in Frameworks */,
			);
			runOnlyForDeploymentPostprocessing = 0;
		};
/* End PBXFrameworksBuildPhase section */

/* Begin PBXGroup section */
		59A7C9D32422DDE400D45B94 = {
			isa = PBXGroup;
			children = (
				59A7C9DE2422DDE400D45B94 /* project1 */,
				59A7C9DD2422DDE400D45B94 /* Products */,
				59A7C9E62422E09D00D45B94 /* Frameworks */,
			);
			sourceTree = "<group>";
		};
		59A7C9DD2422DDE400D45B94 /* Products */ = {
			isa = PBXGroup;
			children = (
				59A7C9DC2422DDE400D45B94 /* project1 */,
			);
			name = Products;
			sourceTree = "<group>";
		};
		59A7C9DE2422DDE400D45B94 /* project1 */ = {
			isa = PBXGroup;
			children = (
				59A7C9DF2422DDE400D45B94 /* main.c */,
			);
			path = project1;
			sourceTree = "<group>";
		};
		59A7C9E62422E09D00D45B94 /* Frameworks */ = {
			isa = PBXGroup;
			children = (
				59434F902423B17000FCE7DD /* GLUT.framework */,
				59A7C9EE2422E18D00D45B94 /* libglfw.3.3.dylib */,
				59A7C9EA2422E16800D45B94 /* libGLEW.2.1.0.dylib */,
				59A7C9E92422E12B00D45B94 /* lib */,
				59A7C9E72422E09D00D45B94 /* OpenGL.framework */,
			);
			name = Frameworks;
			sourceTree = "<group>";
		};
/* End PBXGroup section */

/* Begin PBXNativeTarget section */
		59A7C9DB2422DDE400D45B94 /* project1 */ = {
			isa = PBXNativeTarget;
			buildConfigurationList = 59A7C9E32422DDE400D45B94 /* Build configuration list for PBXNativeTarget "project1" */;
			buildPhases = (
				59A7C9D82422DDE400D45B94 /* Sources */,
				59A7C9D92422DDE400D45B94 /* Frameworks */,
				59A7C9DA2422DDE400D45B94 /* CopyFiles */,
				59A7C9ED2422E16800D45B94 /* Embed Libraries */,
			);
			buildRules = (
			);
			dependencies = (
			);
			name = project1;
			productName = project1;
			productReference = 59A7C9DC2422DDE400D45B94 /* project1 */;
			productType = "com.apple.product-type.tool";
		};
/* End PBXNativeTarget section */

/* Begin PBXProject section */
		59A7C9D42422DDE400D45B94 /* Project object */ = {
			isa = PBXProject;
			attributes = {
				LastUpgradeCheck = 1140;
				ORGANIZATIONNAME = "Khaled Mohab";
				TargetAttributes = {
					59A7C9DB2422DDE400D45B94 = {
						CreatedOnToolsVersion = 11.1;
					};
				};
			};
			buildConfigurationList = 59A7C9D72422DDE400D45B94 /* Build configuration list for PBXProject "project1" */;
			compatibilityVersion = "Xcode 9.3";
			developmentRegion = en;
			hasScannedForEncodings = 0;
			knownRegions = (
				en,
				Base,
			);
			mainGroup = 59A7C9D32422DDE400D45B94;
			productRefGroup = 59A7C9DD2422DDE400D45B94 /* Products */;
			projectDirPath = "";
			projectRoot = "";
			targets = (
				59A7C9DB2422DDE400D45B94 /* project1 */,
			);
		};
/* End PBXProject section */

/* Begin PBXSourcesBuildPhase section */
		59A7C9D82422DDE400D45B94 /* Sources */ = {
			isa = PBXSourcesBuildPhase;
			buildActionMask = 2147483647;
			files = (
				59A7C9E02422DDE400D45B94 /* main.c in Sources */,
			);
			runOnlyForDeploymentPostprocessing = 0;
		};
/* End PBXSourcesBuildPhase section */

/* Begin XCBuildConfiguration section */
		59A7C9E12422DDE400D45B94 /* Debug */ = {
			isa = XCBuildConfiguration;
			buildSettings = {
				ALWAYS_SEARCH_USER_PATHS = NO;
				CLANG_ANALYZER_NONNULL = YES;
				CLANG_ANALYZER_NUMBER_OBJECT_CONVERSION = YES_AGGRESSIVE;
				CLANG_CXX_LANGUAGE_STANDARD = "gnu++14";
				CLANG_CXX_LIBRARY = "libc++";
				CLANG_ENABLE_MODULES = YES;
				CLANG_ENABLE_OBJC_ARC = YES;
				CLANG_ENABLE_OBJC_WEAK = YES;
				CLANG_WARN_BLOCK_CAPTURE_AUTORELEASING = YES;
				CLANG_WARN_BOOL_CONVERSION = YES;
				CLANG_WARN_COMMA = YES;
				CLANG_WARN_CONSTANT_CONVERSION = YES;
				CLANG_WARN_DEPRECATED_OBJC_IMPLEMENTATIONS = YES;
				CLANG_WARN_DIRECT_OBJC_ISA_USAGE = YES_ERROR;
				CLANG_WARN_DOCUMENTATION_COMMENTS = YES;
				CLANG_WARN_EMPTY_BODY = YES;
				CLANG_WARN_ENUM_CONVERSION = YES;
				CLANG_WARN_INFINITE_RECURSION = YES;
				CLANG_WARN_INT_CONVERSION = YES;
				CLANG_WARN_NON_LITERAL_NULL_CONVERSION = YES;
				CLANG_WARN_OBJC_IMPLICIT_RETAIN_SELF = YES;
				CLANG_WARN_OBJC_LITERAL_CONVERSION = YES;
				CLANG_WARN_OBJC_ROOT_CLASS = YES_ERROR;
				CLANG_WARN_RANGE_LOOP_ANALYSIS = YES;
				CLANG_WARN_STRICT_PROTOTYPES = YES;
				CLANG_WARN_SUSPICIOUS_MOVE = YES;
				CLANG_WARN_UNGUARDED_AVAILABILITY = YES_AGGRESSIVE;
				CLANG_WARN_UNREACHABLE_CODE = YES;
				CLANG_WARN__DUPLICATE_METHOD_MATCH = YES;
				COPY_PHASE_STRIP = NO;
				DEBUG_INFORMATION_FORMAT = dwarf;
				ENABLE_STRICT_OBJC_MSGSEND = YES;
				ENABLE_TESTABILITY = YES;
				GCC_C_LANGUAGE_STANDARD = gnu11;
				GCC_DYNAMIC_NO_PIC = NO;
				GCC_NO_COMMON_BLOCKS = YES;
				GCC_OPTIMIZATION_LEVEL = 0;
				GCC_PREPROCESSOR_DEFINITIONS = (
					"DEBUG=1",
					"$(inherited)",
				);
				GCC_WARN_64_TO_32_BIT_CONVERSION = YES;
				GCC_WARN_ABOUT_RETURN_TYPE = YES_ERROR;
				GCC_WARN_UNDECLARED_SELECTOR = YES;
				GCC_WARN_UNINITIALIZED_AUTOS = YES_AGGRESSIVE;
				GCC_WARN_UNUSED_FUNCTION = YES;
				GCC_WARN_UNUSED_VARIABLE = YES;
				MACOSX_DEPLOYMENT_TARGET = 10.15;
				MTL_ENABLE_DEBUG_INFO = INCLUDE_SOURCE;
				MTL_FAST_MATH = YES;
				ONLY_ACTIVE_ARCH = YES;
				SDKROOT = macosx;
			};
			name = Debug;
		};
		59A7C9E22422DDE400D45B94 /* Release */ = {
			isa = XCBuildConfiguration;
			buildSettings = {
				ALWAYS_SEARCH_USER_PATHS = NO;
				CLANG_ANALYZER_NONNULL = YES;
				CLANG_ANALYZER_NUMBER_OBJECT_CONVERSION = YES_AGGRESSIVE;
				CLANG_CXX_LANGUAGE_STANDARD = "gnu++14";
				CLANG_CXX_LIBRARY = "libc++";
				CLANG_ENABLE_MODULES = YES;
				CLANG_ENABLE_OBJC_ARC = YES;
				CLANG_ENABLE_OBJC_WEAK = YES;
				CLANG_WARN_BLOCK_CAPTURE_AUTORELEASING = YES;
				CLANG_WARN_BOOL_CONVERSION = YES;
				CLANG_WARN_COMMA = YES;
				CLANG_WARN_CONSTANT_CONVERSION = YES;
				CLANG_WARN_DEPRECATED_OBJC_IMPLEMENTATIONS = YES;
				CLANG_WARN_DIRECT_OBJC_ISA_USAGE = YES_ERROR;
				CLANG_WARN_DOCUMENTATION_COMMENTS = YES;
				CLANG_WARN_EMPTY_BODY = YES;
				CLANG_WARN_ENUM_CONVERSION = YES;
				CLANG_WARN_INFINITE_RECURSION = YES;
				CLANG_WARN_INT_CONVERSION = YES;
				CLANG_WARN_NON_LITERAL_NULL_CONVERSION = YES;
				CLANG_WARN_OBJC_IMPLICIT_RETAIN_SELF = YES;
				CLANG_WARN_OBJC_LITERAL_CONVERSION = YES;
				CLANG_WARN_OBJC_ROOT_CLASS = YES_ERROR;
				CLANG_WARN_RANGE_LOOP_ANALYSIS = YES;
				CLANG_WARN_STRICT_PROTOTYPES = YES;
				CLANG_WARN_SUSPICIOUS_MOVE = YES;
				CLANG_WARN_UNGUARDED_AVAILABILITY = YES_AGGRESSIVE;
				CLANG_WARN_UNREACHABLE_CODE = YES;
				CLANG_WARN__DUPLICATE_METHOD_MATCH = YES;
				COPY_PHASE_STRIP = NO;
				DEBUG_INFORMATION_FORMAT = "dwarf-with-dsym";
				ENABLE_NS_ASSERTIONS = NO;
				ENABLE_STRICT_OBJC_MSGSEND = YES;
				GCC_C_LANGUAGE_STANDARD = gnu11;
				GCC_NO_COMMON_BLOCKS = YES;
				GCC_WARN_64_TO_32_BIT_CONVERSION = YES;
				GCC_WARN_ABOUT_RETURN_TYPE = YES_ERROR;
				GCC_WARN_UNDECLARED_SELECTOR = YES;
				GCC_WARN_UNINITIALIZED_AUTOS = YES_AGGRESSIVE;
				GCC_WARN_UNUSED_FUNCTION = YES;
				GCC_WARN_UNUSED_VARIABLE = YES;
				MACOSX_DEPLOYMENT_TARGET = 10.15;
				MTL_ENABLE_DEBUG_INFO = NO;
				MTL_FAST_MATH = YES;
				SDKROOT = macosx;
			};
			name = Release;
		};
		59A7C9E42422DDE400D45B94 /* Debug */ = {
			isa = XCBuildConfiguration;
			buildSettings = {
				CODE_SIGN_IDENTITY = "-";
				CODE_SIGN_STYLE = Automatic;
				HEADER_SEARCH_PATHS = (
					/usr/local/include,
					/Users/khaledmohab/GL/include,
				);
				LIBRARY_SEARCH_PATHS = (
					/usr/local/Cellar/glew/2.1.0_1/lib,
					/usr/local/Cellar/glfw/3.3.2/lib,
				);
				PRODUCT_NAME = "$(TARGET_NAME)";
			};
			name = Debug;
		};
		59A7C9E52422DDE400D45B94 /* Release */ = {
			isa = XCBuildConfiguration;
			buildSettings = {
				CODE_SIGN_IDENTITY = "-";
				CODE_SIGN_STYLE = Automatic;
				HEADER_SEARCH_PATHS = (
					/usr/local/include,
					/Users/khaledmohab/GL/include,
				);
				LIBRARY_SEARCH_PATHS = (
					/usr/local/Cellar/glew/2.1.0_1/lib,
					/usr/local/Cellar/glfw/3.3.2/lib,
				);
				PRODUCT_NAME = "$(TARGET_NAME)";
			};
			name = Release;
		};
/* End XCBuildConfiguration section */

/* Begin XCConfigurationList section */
		59A7C9D72422DDE400D45B94 /* Build configuration list for PBXProject "project1" */ = {
			isa = XCConfigurationList;
			buildConfigurations = (
				59A7C9E12422DDE400D45B94 /* Debug */,
				59A7C9E22422DDE400D45B94 /* Release */,
			);
			defaultConfigurationIsVisible = 0;
			defaultConfigurationName = Release;
		};
		59A7C9E32422DDE400D45B94 /* Build configuration list for PBXNativeTarget "project1" */ = {
			isa = XCConfigurationList;
			buildConfigurations = (
				59A7C9E42422DDE400D45B94 /* Debug */,
				59A7C9E52422DDE400D45B94 /* Release */,
			);
			defaultConfigurationIsVisible = 0;
			defaultConfigurationName = Release;
		};
/* End XCConfigurationList section */
	};
	rootObject = 59A7C9D42422DDE400D45B94 /* Project object */;
}
